{
  "originHash" : "b03445b119f8a4a588b470ec4978fc59cfed9e5e26c19539d79f2d8f9c696f9c",
  "pins" : [
    {
      "identity" : "transcriptdebugmenu",
      "kind" : "remoteSourceControl",
      "location" : "https://github.com/artemnovichkov/TranscriptDebugMenu",
      "state" : {
        "revision" : "90ad5473575aa9111ae9bd16aeed22d4f620b6db",
        "version" : "1.1.0"
      }
    },
    {
      "identity" : "zodiackit",
      "kind" : "remoteSourceControl",
      "location" : "https://github.com/markbattistella/ZodiacKit",
      "state" : {
        "revision" : "85c0084adbd7fbd1e902656380bbc28e4daecd4a",
        "version" : "3.0.2"
      }
    }
  ],
  "version" : 3
}
