{
  "originHash" : "df6469073d7292f222d9299dec186cca09af582e3405120c2d643c8376a13650",
  "pins" : [
    {
      "identity" : "transcriptdebugmenu",
      "kind" : "remoteSourceControl",
      "location" : "https://github.com/artemnovichkov/TranscriptDebugMenu",
      "state" : {
        "revision" : "20b50ce3e57380054c8f0bf7ea31293922ebe6f8",
        "version" : "1.6.4"
      }
    },
    {
      "identity" : "zodiackit",
      "kind" : "remoteSourceControl",
      "location" : "https://github.com/markbattistella/ZodiacKit",
      "state" : {
        "revision" : "405e9cc4259696d99fca7b5f2748f0eadb1e0ea8",
        "version" : "3.1.0"
      }
    }
  ],
  "version" : 3
}
