{
  "originHash" : "33eb9ba5fa430d1a42e890686ef23abec100e86be4bc02a74c032a4d11cdba38",
  "pins" : [
    {
      "identity" : "transcriptdebugmenu",
      "kind" : "remoteSourceControl",
      "location" : "https://github.com/artemnovichkov/TranscriptDebugMenu",
      "state" : {
        "revision" : "20b50ce3e57380054c8f0bf7ea31293922ebe6f8",
        "version" : "1.6.4"
      }
    },
    {
      "identity" : "zodiackit",
      "kind" : "remoteSourceControl",
      "location" : "https://github.com/markbattistella/ZodiacKit",
      "state" : {
        "revision" : "405e9cc4259696d99fca7b5f2748f0eadb1e0ea8",
        "version" : "3.1.0"
      }
    }
  ],
  "version" : 3
}
